Microsoft Visual Studio Solution File, Format Version 12.00
# Visual Studio Version 18
VisualStudioVersion = 18.10.12106.202 insiders
MinimumVisualStudioVersion = 10.0.40219.1
Project("{FAE04EC0-301F-11D3-BF4B-00C04F79EFBC}") = "CommunicationDebuggingTools.Core", "CommunicationDebuggingTools.Core\CommunicationDebuggingTools.Core.csproj", "{80A3D4A2-C795-4DC6-9A2C-A13397241885}"
EndProject
Project("{FAE04EC0-301F-11D3-BF4B-00C04F79EFBC}") = "CommunicationDebuggingTools.Business", "CommunicationDebuggingTools.Business\CommunicationDebuggingTools.Business.csproj", "{B8D745D0-2789-4CE3-BBD3-45EFDFE9CBBF}"
EndProject
Project("{FAE04EC0-301F-11D3-BF4B-00C04F79EFBC}") = "CommunicationDebuggingTools", "CommunicationDebuggingTools\CommunicationDebuggingTools.csproj", "{61200B47-BC1D-4D0B-8C02-FF1AF23A0A4E}"
EndProject
Project("{FAE04EC0-301F-11D3-BF4B-00C04F79EFBC}") = "CommunicationDebuggingTools.Tests", "CommunicationDebuggingTools.Tests\CommunicationDebuggingTools.Tests.csproj", "{A1111111-1111-1111-1111-111111111111}"
EndProject
Project("{FAE04EC0-301F-11D3-BF4B-00C04F79EFBC}") = "Plugin.ModbusTcp", "Plugin.ModbusTcp\Plugin.ModbusTcp.csproj", "{B1111111-1111-1111-1111-111111111111}"
EndProject
Project("{FAE04EC0-301F-11D3-BF4B-00C04F79EFBC}") = "Plugin.Panasonic", "Plugin.Panasonic\Plugin.Panasonic.csproj", "{C1111111-1111-1111-1111-111111111111}"
EndProject
Project("{FAE04EC0-301F-11D3-BF4B-00C04F79EFBC}") = "Plugin.SiemensS7", "Plugin.SiemensS7\Plugin.SiemensS7.csproj", "{D1111111-1111-1111-1111-111111111111}"
EndProject
Project("{FAE04EC0-301F-11D3-BF4B-00C04F79EFBC}") = "CommunicationDebuggingTools.Contracts", "CommunicationDebuggingTools.Contracts\CommunicationDebuggingTools.Contracts.csproj", "{E1111111-1111-1111-1111-111111111111}"
EndProject
Project("{FAE04EC0-301F-11D3-BF4B-00C04F79EFBC}") = "CommunicationDebuggingTools.EngineHost", "CommunicationDebuggingTools.EngineHost\CommunicationDebuggingTools.EngineHost.csproj", "{E2222222-2222-2222-2222-222222222222}"
EndProject
Project("{FAE04EC0-301F-11D3-BF4B-00C04F79EFBC}") = "CommunicationDebuggingTools.Client", "CommunicationDebuggingTools.Client\CommunicationDebuggingTools.Client.csproj", "{B4889BB3-C5B2-40DE-B746-431E24A99908}"
EndProject
Global
	GlobalSection(SolutionConfigurationPlatforms) = preSolution
		Debug|Any CPU = Debug|Any CPU
		Release|Any CPU = Release|Any CPU
	EndGlobalSection
	GlobalSection(ProjectConfigurationPlatforms) = postSolution
		{80A3D4A2-C795-4DC6-9A2C-A13397241885}.Debug|Any CPU.ActiveCfg = Debug|Any CPU
		{80A3D4A2-C795-4DC6-9A2C-A13397241885}.Debug|Any CPU.Build.0 = Debug|Any CPU
		{80A3D4A2-C795-4DC6-9A2C-A13397241885}.Release|Any CPU.ActiveCfg = Release|Any CPU
		{80A3D4A2-C795-4DC6-9A2C-A13397241885}.Release|Any CPU.Build.0 = Release|Any CPU
		{B8D745D0-2789-4CE3-BBD3-45EFDFE9CBBF}.Debug|Any CPU.ActiveCfg = Debug|Any CPU
		{B8D745D0-2789-4CE3-BBD3-45EFDFE9CBBF}.Debug|Any CPU.Build.0 = Debug|Any CPU
		{B8D745D0-2789-4CE3-BBD3-45EFDFE9CBBF}.Release|Any CPU.ActiveCfg = Release|Any CPU
		{B8D745D0-2789-4CE3-BBD3-45EFDFE9CBBF}.Release|Any CPU.Build.0 = Release|Any CPU
		{61200B47-BC1D-4D0B-8C02-FF1AF23A0A4E}.Debug|Any CPU.ActiveCfg = Debug|Any CPU
		{61200B47-BC1D-4D0B-8C02-FF1AF23A0A4E}.Debug|Any CPU.Build.0 = Debug|Any CPU
		{61200B47-BC1D-4D0B-8C02-FF1AF23A0A4E}.Release|Any CPU.ActiveCfg = Release|Any CPU
		{61200B47-BC1D-4D0B-8C02-FF1AF23A0A4E}.Release|Any CPU.Build.0 = Release|Any CPU
		{A1111111-1111-1111-1111-111111111111}.Debug|Any CPU.ActiveCfg = Debug|Any CPU
		{A1111111-1111-1111-1111-111111111111}.Debug|Any CPU.Build.0 = Debug|Any CPU
		{A1111111-1111-1111-1111-111111111111}.Release|Any CPU.ActiveCfg = Release|Any CPU
		{A1111111-1111-1111-1111-111111111111}.Release|Any CPU.Build.0 = Release|Any CPU
		{B1111111-1111-1111-1111-111111111111}.Debug|Any CPU.ActiveCfg = Debug|Any CPU
		{B1111111-1111-1111-1111-111111111111}.Debug|Any CPU.Build.0 = Debug|Any CPU
		{B1111111-1111-1111-1111-111111111111}.Release|Any CPU.ActiveCfg = Release|Any CPU
		{B1111111-1111-1111-1111-111111111111}.Release|Any CPU.Build.0 = Release|Any CPU
		{C1111111-1111-1111-1111-111111111111}.Debug|Any CPU.ActiveCfg = Debug|Any CPU
		{C1111111-1111-1111-1111-111111111111}.Debug|Any CPU.Build.0 = Debug|Any CPU
		{C1111111-1111-1111-1111-111111111111}.Release|Any CPU.ActiveCfg = Release|Any CPU
		{C1111111-1111-1111-1111-111111111111}.Release|Any CPU.Build.0 = Release|Any CPU
		{D1111111-1111-1111-1111-111111111111}.Debug|Any CPU.ActiveCfg = Debug|Any CPU
		{D1111111-1111-1111-1111-111111111111}.Debug|Any CPU.Build.0 = Debug|Any CPU
		{D1111111-1111-1111-1111-111111111111}.Release|Any CPU.ActiveCfg = Release|Any CPU
		{D1111111-1111-1111-1111-111111111111}.Release|Any CPU.Build.0 = Release|Any CPU
		{E1111111-1111-1111-1111-111111111111}.Debug|Any CPU.ActiveCfg = Debug|Any CPU
		{E1111111-1111-1111-1111-111111111111}.Debug|Any CPU.Build.0 = Debug|Any CPU
		{E1111111-1111-1111-1111-111111111111}.Release|Any CPU.ActiveCfg = Release|Any CPU
		{E1111111-1111-1111-1111-111111111111}.Release|Any CPU.Build.0 = Release|Any CPU
		{E2222222-2222-2222-2222-222222222222}.Debug|Any CPU.ActiveCfg = Debug|Any CPU
		{E2222222-2222-2222-2222-222222222222}.Debug|Any CPU.Build.0 = Debug|Any CPU
		{E2222222-2222-2222-2222-222222222222}.Release|Any CPU.ActiveCfg = Release|Any CPU
		{E2222222-2222-2222-2222-222222222222}.Release|Any CPU.Build.0 = Release|Any CPU
		{B4889BB3-C5B2-40DE-B746-431E24A99908}.Debug|Any CPU.ActiveCfg = Debug|Any CPU
		{B4889BB3-C5B2-40DE-B746-431E24A99908}.Debug|Any CPU.Build.0 = Debug|Any CPU
		{B4889BB3-C5B2-40DE-B746-431E24A99908}.Release|Any CPU.ActiveCfg = Release|Any CPU
		{B4889BB3-C5B2-40DE-B746-431E24A99908}.Release|Any CPU.Build.0 = Release|Any CPU
	EndGlobalSection
	GlobalSection(SolutionProperties) = preSolution
		HideSolutionNode = FALSE
	EndGlobalSection
EndGlobal
